// !$*UTF8*$!
{
	archiveVersion = 1;
	classes = {
	};
	objectVersion = 56;
	objects = {

/* Begin PBXBuildFile section */
		408F225B2A42E13F00B8B76A /* WWDC23App.swift in Sources */ = {isa = PBXBuildFile; fileRef = 408F225A2A42E13F00B8B76A /* WWDC23App.swift */; };
		408F225D2A42E13F00B8B76A /* MainView.swift in Sources */ = {isa = PBXBuildFile; fileRef = 408F225C2A42E13F00B8B76A /* MainView.swift */; };
		408F225F2A42E14000B8B76A /* Assets.xcassets in Resources */ = {isa = PBXBuildFile; fileRef = 408F225E2A42E14000B8B76A /* Assets.xcassets */; };
		408F22622A42E14000B8B76A /* Preview Assets.xcassets in Resources */ = {isa = PBXBuildFile; fileRef = 408F22612A42E14000B8B76A /* Preview Assets.xcassets */; };
		408F22692A42E1BC00B8B76A /* Localizable.xcstrings in Resources */ = {isa = PBXBuildFile; fileRef = 408F22682A42E1BC00B8B76A /* Localizable.xcstrings */; };
		408F226C2A42E4D900B8B76A /* MainListItem.swift in Sources */ = {isa = PBXBuildFile; fileRef = 408F226B2A42E4D900B8B76A /* MainListItem.swift */; };
		408F226F2A42E51E00B8B76A /* UnevenRoundedRectangleView.swift in Sources */ = {isa = PBXBuildFile; fileRef = 408F226E2A42E51E00B8B76A /* UnevenRoundedRectangleView.swift */; };
/* End PBXBuildFile section */

/* Begin PBXFileReference section */
		408F22572A42E13F00B8B76A /* WWDC23.app */ = {isa = PBXFileReference; explicitFileType = wrapper.application; includeInIndex = 0; path = WWDC23.app; sourceTree = BUILT_PRODUCTS_DIR; };
		408F225A2A42E13F00B8B76A /* WWDC23App.swift */ = {isa = PBXFileReference; lastKnownFileType = sourcecode.swift; path = WWDC23App.swift; sourceTree = "<group>"; };
		408F225C2A42E13F00B8B76A /* MainView.swift */ = {isa = PBXFileReference; lastKnownFileType = sourcecode.swift; path = MainView.swift; sourceTree = "<group>"; };
		408F225E2A42E14000B8B76A /* Assets.xcassets */ = {isa = PBXFileReference; lastKnownFileType = folder.assetcatalog; path = Assets.xcassets; sourceTree = "<group>"; };
		408F22612A42E14000B8B76A /* Preview Assets.xcassets */ = {isa = PBXFileReference; lastKnownFileType = folder.assetcatalog; path = "Preview Assets.xcassets"; sourceTree = "<group>"; };
		408F22682A42E1BC00B8B76A /* Localizable.xcstrings */ = {isa = PBXFileReference; lastKnownFileType = text.json.xcstrings; path = Localizable.xcstrings; sourceTree = SOURCE_ROOT; };
		408F226B2A42E4D900B8B76A /* MainListItem.swift */ = {isa = PBXFileReference; lastKnownFileType = sourcecode.swift; path = MainListItem.swift; sourceTree = "<group>"; };
		408F226E2A42E51E00B8B76A /* UnevenRoundedRectangleView.swift */ = {isa = PBXFileReference; lastKnownFileType = sourcecode.swift; path = UnevenRoundedRectangleView.swift; sourceTree = "<group>"; };
/* End PBXFileReference section */

/* Begin PBXFrameworksBuildPhase section */
		408F22542A42E13F00B8B76A /* Frameworks */ = {
			isa = PBXFrameworksBuildPhase;
			buildActionMask = 2147483647;
			files = (
			);
			runOnlyForDeploymentPostprocessing = 0;
		};
/* End PBXFrameworksBuildPhase section */

/* Begin PBXGroup section */
		401D935D2A42E170007FCC9E /* Application */ = {
			isa = PBXGroup;
			children = (
				408F225A2A42E13F00B8B76A /* WWDC23App.swift */,
			);
			path = Application;
			sourceTree = "<group>";
		};
		401D935E2A42E178007FCC9E /* Scenes */ = {
			isa = PBXGroup;
			children = (
				408F226A2A42E4CC00B8B76A /* Main */,
				408F226D2A42E50E00B8B76A /* UnevenRoundedRectagle */,
			);
			path = Scenes;
			sourceTree = "<group>";
		};
		401D935F2A42E17E007FCC9E /* Resources */ = {
			isa = PBXGroup;
			children = (
				408F225E2A42E14000B8B76A /* Assets.xcassets */,
				408F22682A42E1BC00B8B76A /* Localizable.xcstrings */,
			);
			path = Resources;
			sourceTree = "<group>";
		};
		408F224E2A42E13F00B8B76A = {
			isa = PBXGroup;
			children = (
				408F22592A42E13F00B8B76A /* WWDC23 */,
				408F22582A42E13F00B8B76A /* Products */,
			);
			sourceTree = "<group>";
		};
		408F22582A42E13F00B8B76A /* Products */ = {
			isa = PBXGroup;
			children = (
				408F22572A42E13F00B8B76A /* WWDC23.app */,
			);
			name = Products;
			sourceTree = "<group>";
		};
		408F22592A42E13F00B8B76A /* WWDC23 */ = {
			isa = PBXGroup;
			children = (
				401D935D2A42E170007FCC9E /* Application */,
				408F22602A42E14000B8B76A /* Preview Content */,
				401D935F2A42E17E007FCC9E /* Resources */,
				401D935E2A42E178007FCC9E /* Scenes */,
			);
			path = WWDC23;
			sourceTree = "<group>";
		};
		408F22602A42E14000B8B76A /* Preview Content */ = {
			isa = PBXGroup;
			children = (
				408F22612A42E14000B8B76A /* Preview Assets.xcassets */,
			);
			path = "Preview Content";
			sourceTree = "<group>";
		};
		408F226A2A42E4CC00B8B76A /* Main */ = {
			isa = PBXGroup;
			children = (
				408F225C2A42E13F00B8B76A /* MainView.swift */,
				408F226B2A42E4D900B8B76A /* MainListItem.swift */,
			);
			path = Main;
			sourceTree = "<group>";
		};
		408F226D2A42E50E00B8B76A /* UnevenRoundedRectagle */ = {
			isa = PBXGroup;
			children = (
				408F226E2A42E51E00B8B76A /* UnevenRoundedRectangleView.swift */,
			);
			path = UnevenRoundedRectagle;
			sourceTree = "<group>";
		};
/* End PBXGroup section */

/* Begin PBXNativeTarget section */
		408F22562A42E13F00B8B76A /* WWDC23 */ = {
			isa = PBXNativeTarget;
			buildConfigurationList = 408F22652A42E14000B8B76A /* Build configuration list for PBXNativeTarget "WWDC23" */;
			buildPhases = (
				408F22532A42E13F00B8B76A /* Sources */,
				408F22542A42E13F00B8B76A /* Frameworks */,
				408F22552A42E13F00B8B76A /* Resources */,
			);
			buildRules = (
			);
			dependencies = (
			);
			name = WWDC23;
			productName = WWDC23;
			productReference = 408F22572A42E13F00B8B76A /* WWDC23.app */;
			productType = "com.apple.product-type.application";
		};
/* End PBXNativeTarget section */

/* Begin PBXProject section */
		408F224F2A42E13F00B8B76A /* Project object */ = {
			isa = PBXProject;
			attributes = {
				BuildIndependentTargetsInParallel = 1;
				LastSwiftUpdateCheck = 1500;
				LastUpgradeCheck = 1500;
				TargetAttributes = {
					408F22562A42E13F00B8B76A = {
						CreatedOnToolsVersion = 15.0;
					};
				};
			};
			buildConfigurationList = 408F22522A42E13F00B8B76A /* Build configuration list for PBXProject "WWDC23" */;
			compatibilityVersion = "Xcode 14.0";
			developmentRegion = en;
			hasScannedForEncodings = 0;
			knownRegions = (
				en,
				Base,
				"pt-BR",
			);
			mainGroup = 408F224E2A42E13F00B8B76A;
			productRefGroup = 408F22582A42E13F00B8B76A /* Products */;
			projectDirPath = "";
			projectRoot = "";
			targets = (
				408F22562A42E13F00B8B76A /* WWDC23 */,
			);
		};
/* End PBXProject section */

/* Begin PBXResourcesBuildPhase section */
		408F22552A42E13F00B8B76A /* Resources */ = {
			isa = PBXResourcesBuildPhase;
			buildActionMask = 2147483647;
			files = (
				408F22622A42E14000B8B76A /* Preview Assets.xcassets in Resources */,
				408F225F2A42E14000B8B76A /* Assets.xcassets in Resources */,
				408F22692A42E1BC00B8B76A /* Localizable.xcstrings in Resources */,
			);
			runOnlyForDeploymentPostprocessing = 0;
		};
/* End PBXResourcesBuildPhase section */

/* Begin PBXSourcesBuildPhase section */
		408F22532A42E13F00B8B76A /* Sources */ = {
			isa = PBXSourcesBuildPhase;
			buildActionMask = 2147483647;
			files = (
				408F226C2A42E4D900B8B76A /* MainListItem.swift in Sources */,
				408F225D2A42E13F00B8B76A /* MainView.swift in Sources */,
				408F226F2A42E51E00B8B76A /* UnevenRoundedRectangleView.swift in Sources */,
				408F225B2A42E13F00B8B76A /* WWDC23App.swift in Sources */,
			);
			runOnlyForDeploymentPostprocessing = 0;
		};
/* End PBXSourcesBuildPhase section */

/* Begin XCBuildConfiguration section */
		408F22632A42E14000B8B76A /* Debug */ = {
			isa = XCBuildConfiguration;
			buildSettings = {
				ALWAYS_SEARCH_USER_PATHS = NO;
				ASSETCATALOG_COMPILER_GENERATE_SWIFT_ASSET_SYMBOL_EXTENSIONS = YES;
				CLANG_ANALYZER_NONNULL = YES;
				CLANG_ANALYZER_NUMBER_OBJECT_CONVERSION = YES_AGGRESSIVE;
				CLANG_CXX_LANGUAGE_STANDARD = "gnu++20";
				CLANG_ENABLE_MODULES = YES;
				CLANG_ENABLE_OBJC_ARC = YES;
				CLANG_ENABLE_OBJC_WEAK = YES;
				CLANG_WARN_BLOCK_CAPTURE_AUTORELEASING = YES;
				CLANG_WARN_BOOL_CONVERSION = YES;
				CLANG_WARN_COMMA = YES;
				CLANG_WARN_CONSTANT_CONVERSION = YES;
				CLANG_WARN_DEPRECATED_OBJC_IMPLEMENTATIONS = YES;
				CLANG_WARN_DIRECT_OBJC_ISA_USAGE = YES_ERROR;
				CLANG_WARN_DOCUMENTATION_COMMENTS = YES;
				CLANG_WARN_EMPTY_BODY = YES;
				CLANG_WARN_ENUM_CONVERSION = YES;
				CLANG_WARN_INFINITE_RECURSION = YES;
				CLANG_WARN_INT_CONVERSION = YES;
				CLANG_WARN_NON_LITERAL_NULL_CONVERSION = YES;
				CLANG_WARN_OBJC_IMPLICIT_RETAIN_SELF = YES;
				CLANG_WARN_OBJC_LITERAL_CONVERSION = YES;
				CLANG_WARN_OBJC_ROOT_CLASS = YES_ERROR;
				CLANG_WARN_QUOTED_INCLUDE_IN_FRAMEWORK_HEADER = YES;
				CLANG_WARN_RANGE_LOOP_ANALYSIS = YES;
				CLANG_WARN_STRICT_PROTOTYPES = YES;
				CLANG_WARN_SUSPICIOUS_MOVE = YES;
				CLANG_WARN_UNGUARDED_AVAILABILITY = YES_AGGRESSIVE;
				CLANG_WARN_UNREACHABLE_CODE = YES;
				CLANG_WARN__DUPLICATE_METHOD_MATCH = YES;
				COPY_PHASE_STRIP = NO;
				DEBUG_INFORMATION_FORMAT = dwarf;
				ENABLE_STRICT_OBJC_MSGSEND = YES;
				ENABLE_TESTABILITY = YES;
				ENABLE_USER_SCRIPT_SANDBOXING = YES;
				GCC_C_LANGUAGE_STANDARD = gnu17;
				GCC_DYNAMIC_NO_PIC = NO;
				GCC_NO_COMMON_BLOCKS = YES;
				GCC_OPTIMIZATION_LEVEL = 0;
				GCC_PREPROCESSOR_DEFINITIONS = (
					"DEBUG=1",
					"$(inherited)",
				);
				GCC_WARN_64_TO_32_BIT_CONVERSION = YES;
				GCC_WARN_ABOUT_RETURN_TYPE = YES_ERROR;
				GCC_WARN_UNDECLARED_SELECTOR = YES;
				GCC_WARN_UNINITIALIZED_AUTOS = YES_AGGRESSIVE;
				GCC_WARN_UNUSED_FUNCTION = YES;
				GCC_WARN_UNUSED_VARIABLE = YES;
				IPHONEOS_DEPLOYMENT_TARGET = 17.0;
				LOCALIZATION_PREFERS_STRING_CATALOGS = YES;
				MTL_ENABLE_DEBUG_INFO = INCLUDE_SOURCE;
				MTL_FAST_MATH = YES;
				ONLY_ACTIVE_ARCH = YES;
				SDKROOT = iphoneos;
				SWIFT_ACTIVE_COMPILATION_CONDITIONS = "DEBUG $(inherited)";
				SWIFT_OPTIMIZATION_LEVEL = "-Onone";
			};
			name = Debug;
		};
		408F22642A42E14000B8B76A /* Release */ = {
			isa = XCBuildConfiguration;
			buildSettings = {
				ALWAYS_SEARCH_USER_PATHS = NO;
				ASSETCATALOG_COMPILER_GENERATE_SWIFT_ASSET_SYMBOL_EXTENSIONS = YES;
				CLANG_ANALYZER_NONNULL = YES;
				CLANG_ANALYZER_NUMBER_OBJECT_CONVERSION = YES_AGGRESSIVE;
				CLANG_CXX_LANGUAGE_STANDARD = "gnu++20";
				CLANG_ENABLE_MODULES = YES;
				CLANG_ENABLE_OBJC_ARC = YES;
				CLANG_ENABLE_OBJC_WEAK = YES;
				CLANG_WARN_BLOCK_CAPTURE_AUTORELEASING = YES;
				CLANG_WARN_BOOL_CONVERSION = YES;
				CLANG_WARN_COMMA = YES;
				CLANG_WARN_CONSTANT_CONVERSION = YES;
				CLANG_WARN_DEPRECATED_OBJC_IMPLEMENTATIONS = YES;
				CLANG_WARN_DIRECT_OBJC_ISA_USAGE = YES_ERROR;
				CLANG_WARN_DOCUMENTATION_COMMENTS = YES;
				CLANG_WARN_EMPTY_BODY = YES;
				CLANG_WARN_ENUM_CONVERSION = YES;
				CLANG_WARN_INFINITE_RECURSION = YES;
				CLANG_WARN_INT_CONVERSION = YES;
				CLANG_WARN_NON_LITERAL_NULL_CONVERSION = YES;
				CLANG_WARN_OBJC_IMPLICIT_RETAIN_SELF = YES;
				CLANG_WARN_OBJC_LITERAL_CONVERSION = YES;
				CLANG_WARN_OBJC_ROOT_CLASS = YES_ERROR;
				CLANG_WARN_QUOTED_INCLUDE_IN_FRAMEWORK_HEADER = YES;
				CLANG_WARN_RANGE_LOOP_ANALYSIS = YES;
				CLANG_WARN_STRICT_PROTOTYPES = YES;
				CLANG_WARN_SUSPICIOUS_MOVE = YES;
				CLANG_WARN_UNGUARDED_AVAILABILITY = YES_AGGRESSIVE;
				CLANG_WARN_UNREACHABLE_CODE = YES;
				CLANG_WARN__DUPLICATE_METHOD_MATCH = YES;
				COPY_PHASE_STRIP = NO;
				DEBUG_INFORMATION_FORMAT = "dwarf-with-dsym";
				ENABLE_NS_ASSERTIONS = NO;
				ENABLE_STRICT_OBJC_MSGSEND = YES;
				ENABLE_USER_SCRIPT_SANDBOXING = YES;
				GCC_C_LANGUAGE_STANDARD = gnu17;
				GCC_NO_COMMON_BLOCKS = YES;
				GCC_WARN_64_TO_32_BIT_CONVERSION = YES;
				GCC_WARN_ABOUT_RETURN_TYPE = YES_ERROR;
				GCC_WARN_UNDECLARED_SELECTOR = YES;
				GCC_WARN_UNINITIALIZED_AUTOS = YES_AGGRESSIVE;
				GCC_WARN_UNUSED_FUNCTION = YES;
				GCC_WARN_UNUSED_VARIABLE = YES;
				IPHONEOS_DEPLOYMENT_TARGET = 17.0;
				LOCALIZATION_PREFERS_STRING_CATALOGS = YES;
				MTL_ENABLE_DEBUG_INFO = NO;
				MTL_FAST_MATH = YES;
				SDKROOT = iphoneos;
				SWIFT_COMPILATION_MODE = wholemodule;
				VALIDATE_PRODUCT = YES;
			};
			name = Release;
		};
		408F22662A42E14000B8B76A /* Debug */ = {
			isa = XCBuildConfiguration;
			buildSettings = {
				ASSETCATALOG_COMPILER_APPICON_NAME = AppIcon;
				ASSETCATALOG_COMPILER_GLOBAL_ACCENT_COLOR_NAME = AccentColor;
				CODE_SIGN_STYLE = Automatic;
				CURRENT_PROJECT_VERSION = 1;
				DEVELOPMENT_ASSET_PATHS = "\"WWDC23/Preview Content\"";
				DEVELOPMENT_TEAM = LS55K535D9;
				ENABLE_PREVIEWS = YES;
				GENERATE_INFOPLIST_FILE = YES;
				INFOPLIST_KEY_LSApplicationCategoryType = "public.app-category.utilities";
				INFOPLIST_KEY_UIApplicationSceneManifest_Generation = YES;
				INFOPLIST_KEY_UIApplicationSupportsIndirectInputEvents = YES;
				INFOPLIST_KEY_UILaunchScreen_Generation = YES;
				INFOPLIST_KEY_UISupportedInterfaceOrientations_iPad = "UIInterfaceOrientationPortrait UIInterfaceOrientationPortraitUpsideDown UIInterfaceOrientationLandscapeLeft UIInterfaceOrientationLandscapeRight";
				INFOPLIST_KEY_UISupportedInterfaceOrientations_iPhone = "UIInterfaceOrientationPortrait UIInterfaceOrientationLandscapeLeft UIInterfaceOrientationLandscapeRight";
				LD_RUNPATH_SEARCH_PATHS = (
					"$(inherited)",
					"@executable_path/Frameworks",
				);
				MACOSX_DEPLOYMENT_TARGET = 14.0;
				MARKETING_VERSION = 1.0;
				PRODUCT_BUNDLE_IDENTIFIER = com.brenovaladao.WWDC23;
				PRODUCT_NAME = "$(TARGET_NAME)";
				SUPPORTED_PLATFORMS = "iphoneos iphonesimulator macosx";
				SUPPORTS_MACCATALYST = NO;
				SUPPORTS_MAC_DESIGNED_FOR_IPHONE_IPAD = NO;
				SWIFT_EMIT_LOC_STRINGS = YES;
				SWIFT_VERSION = 5.0;
				TARGETED_DEVICE_FAMILY = "1,2";
			};
			name = Debug;
		};
		408F22672A42E14000B8B76A /* Release */ = {
			isa = XCBuildConfiguration;
			buildSettings = {
				ASSETCATALOG_COMPILER_APPICON_NAME = AppIcon;
				ASSETCATALOG_COMPILER_GLOBAL_ACCENT_COLOR_NAME = AccentColor;
				CODE_SIGN_STYLE = Automatic;
				CURRENT_PROJECT_VERSION = 1;
				DEVELOPMENT_ASSET_PATHS = "\"WWDC23/Preview Content\"";
				DEVELOPMENT_TEAM = LS55K535D9;
				ENABLE_PREVIEWS = YES;
				GENERATE_INFOPLIST_FILE = YES;
				INFOPLIST_KEY_LSApplicationCategoryType = "public.app-category.utilities";
				INFOPLIST_KEY_UIApplicationSceneManifest_Generation = YES;
				INFOPLIST_KEY_UIApplicationSupportsIndirectInputEvents = YES;
				INFOPLIST_KEY_UILaunchScreen_Generation = YES;
				INFOPLIST_KEY_UISupportedInterfaceOrientations_iPad = "UIInterfaceOrientationPortrait UIInterfaceOrientationPortraitUpsideDown UIInterfaceOrientationLandscapeLeft UIInterfaceOrientationLandscapeRight";
				INFOPLIST_KEY_UISupportedInterfaceOrientations_iPhone = "UIInterfaceOrientationPortrait UIInterfaceOrientationLandscapeLeft UIInterfaceOrientationLandscapeRight";
				LD_RUNPATH_SEARCH_PATHS = (
					"$(inherited)",
					"@executable_path/Frameworks",
				);
				MACOSX_DEPLOYMENT_TARGET = 14.0;
				MARKETING_VERSION = 1.0;
				PRODUCT_BUNDLE_IDENTIFIER = com.brenovaladao.WWDC23;
				PRODUCT_NAME = "$(TARGET_NAME)";
				SUPPORTED_PLATFORMS = "iphoneos iphonesimulator macosx";
				SUPPORTS_MACCATALYST = NO;
				SUPPORTS_MAC_DESIGNED_FOR_IPHONE_IPAD = NO;
				SWIFT_EMIT_LOC_STRINGS = YES;
				SWIFT_VERSION = 5.0;
				TARGETED_DEVICE_FAMILY = "1,2";
			};
			name = Release;
		};
/* End XCBuildConfiguration section */

/* Begin XCConfigurationList section */
		408F22522A42E13F00B8B76A /* Build configuration list for PBXProject "WWDC23" */ = {
			isa = XCConfigurationList;
			buildConfigurations = (
				408F22632A42E14000B8B76A /* Debug */,
				408F22642A42E14000B8B76A /* Release */,
			);
			defaultConfigurationIsVisible = 0;
			defaultConfigurationName = Release;
		};
		408F22652A42E14000B8B76A /* Build configuration list for PBXNativeTarget "WWDC23" */ = {
			isa = XCConfigurationList;
			buildConfigurations = (
				408F22662A42E14000B8B76A /* Debug */,
				408F22672A42E14000B8B76A /* Release */,
			);
			defaultConfigurationIsVisible = 0;
			defaultConfigurationName = Release;
		};
/* End XCConfigurationList section */
	};
	rootObject = 408F224F2A42E13F00B8B76A /* Project object */;
}
